
Microsoft Visual Studio Solution File, Format Version 12.00
# Visual Studio 14
VisualStudioVersion = 14.0.23107.0
MinimumVisualStudioVersion = 10.0.40219.1
Project("{FAE04EC0-301F-11D3-BF4B-00C04F79EFBC}") = "KeeTrayTOTP", "KeeTrayTOTP.csproj", "{BF4A8A1F-B9B6-499C-8756-810B44895B8A}"
EndProject
Global
	GlobalSection(SolutionConfigurationPlatforms) = preSolution
		Debug|Any CPU = Debug|Any CPU
		Release|Any CPU = Release|Any CPU
	EndGlobalSection
	GlobalSection(ProjectConfigurationPlatforms) = postSolution
		{BF4A8A1F-B9B6-499C-8756-810B44895B8A}.Debug|Any CPU.ActiveCfg = Debug|Any CPU
		{BF4A8A1F-B9B6-499C-8756-810B44895B8A}.Debug|Any CPU.Build.0 = Debug|Any CPU
		{BF4A8A1F-B9B6-499C-8756-810B44895B8A}.Release|Any CPU.ActiveCfg = Release|Any CPU
		{BF4A8A1F-B9B6-499C-8756-810B44895B8A}.Release|Any CPU.Build.0 = Release|Any CPU
	EndGlobalSection
	GlobalSection(SolutionProperties) = preSolution
		HideSolutionNode = FALSE
	EndGlobalSection
EndGlobal
