
Microsoft Visual Studio Solution File, Format Version 12.00
# Visual Studio Version 16
VisualStudioVersion = 16.0.28803.202
MinimumVisualStudioVersion = 10.0.40219.1
Project("{FAE04EC0-301F-11D3-BF4B-00C04F79EFBC}") = "KeeTrayTOTP", "KeeTrayTOTP\KeeTrayTOTP.csproj", "{BF4A8A1F-B9B6-499C-8756-810B44895B8A}"
EndProject
Project("{9A19103F-16F7-4668-BE54-9A1E7A4F7556}") = "KeeTrayTOTP.Tests", "KeeTrayTOTP.Tests\KeeTrayTOTP.Tests.csproj", "{7911FEEB-D902-49D1-8A55-CD761D66D58D}"
EndProject
Global
	GlobalSection(SolutionConfigurationPlatforms) = preSolution
		Debug|Any CPU = Debug|Any CPU
		Debug|ARM = Debug|ARM
		Debug|x64 = Debug|x64
		Debug|x86 = Debug|x86
		Release|Any CPU = Release|Any CPU
		Release|ARM = Release|ARM
		Release|x64 = Release|x64
		Release|x86 = Release|x86
		ReleasePlgx|Any CPU = ReleasePlgx|Any CPU
		ReleasePlgx|ARM = ReleasePlgx|ARM
		ReleasePlgx|x64 = ReleasePlgx|x64
		ReleasePlgx|x86 = ReleasePlgx|x86
	EndGlobalSection
	GlobalSection(ProjectConfigurationPlatforms) = postSolution
		{BF4A8A1F-B9B6-499C-8756-810B44895B8A}.Debug|Any CPU.ActiveCfg = Debug|Any CPU
		{BF4A8A1F-B9B6-499C-8756-810B44895B8A}.Debug|Any CPU.Build.0 = Debug|Any CPU
		{BF4A8A1F-B9B6-499C-8756-810B44895B8A}.Debug|ARM.ActiveCfg = Debug|Any CPU
		{BF4A8A1F-B9B6-499C-8756-810B44895B8A}.Debug|ARM.Build.0 = Debug|Any CPU
		{BF4A8A1F-B9B6-499C-8756-810B44895B8A}.Debug|x64.ActiveCfg = Debug|Any CPU
		{BF4A8A1F-B9B6-499C-8756-810B44895B8A}.Debug|x64.Build.0 = Debug|Any CPU
		{BF4A8A1F-B9B6-499C-8756-810B44895B8A}.Debug|x86.ActiveCfg = Debug|Any CPU
		{BF4A8A1F-B9B6-499C-8756-810B44895B8A}.Debug|x86.Build.0 = Debug|Any CPU
		{BF4A8A1F-B9B6-499C-8756-810B44895B8A}.Release|Any CPU.ActiveCfg = Release|Any CPU
		{BF4A8A1F-B9B6-499C-8756-810B44895B8A}.Release|Any CPU.Build.0 = Release|Any CPU
		{BF4A8A1F-B9B6-499C-8756-810B44895B8A}.Release|ARM.ActiveCfg = Release|Any CPU
		{BF4A8A1F-B9B6-499C-8756-810B44895B8A}.Release|ARM.Build.0 = Release|Any CPU
		{BF4A8A1F-B9B6-499C-8756-810B44895B8A}.Release|x64.ActiveCfg = Release|Any CPU
		{BF4A8A1F-B9B6-499C-8756-810B44895B8A}.Release|x64.Build.0 = Release|Any CPU
		{BF4A8A1F-B9B6-499C-8756-810B44895B8A}.Release|x86.ActiveCfg = Release|Any CPU
		{BF4A8A1F-B9B6-499C-8756-810B44895B8A}.Release|x86.Build.0 = Release|Any CPU
		{BF4A8A1F-B9B6-499C-8756-810B44895B8A}.ReleasePlgx|Any CPU.ActiveCfg = ReleasePlgx|Any CPU
		{BF4A8A1F-B9B6-499C-8756-810B44895B8A}.ReleasePlgx|Any CPU.Build.0 = ReleasePlgx|Any CPU
		{BF4A8A1F-B9B6-499C-8756-810B44895B8A}.ReleasePlgx|ARM.ActiveCfg = Release|Any CPU
		{BF4A8A1F-B9B6-499C-8756-810B44895B8A}.ReleasePlgx|ARM.Build.0 = Release|Any CPU
		{BF4A8A1F-B9B6-499C-8756-810B44895B8A}.ReleasePlgx|x64.ActiveCfg = Release|Any CPU
		{BF4A8A1F-B9B6-499C-8756-810B44895B8A}.ReleasePlgx|x64.Build.0 = Release|Any CPU
		{BF4A8A1F-B9B6-499C-8756-810B44895B8A}.ReleasePlgx|x86.ActiveCfg = Release|Any CPU
		{BF4A8A1F-B9B6-499C-8756-810B44895B8A}.ReleasePlgx|x86.Build.0 = Release|Any CPU
		{7911FEEB-D902-49D1-8A55-CD761D66D58D}.Debug|Any CPU.ActiveCfg = Debug|Any CPU
		{7911FEEB-D902-49D1-8A55-CD761D66D58D}.Debug|Any CPU.Build.0 = Debug|Any CPU
		{7911FEEB-D902-49D1-8A55-CD761D66D58D}.Debug|ARM.ActiveCfg = Debug|Any CPU
		{7911FEEB-D902-49D1-8A55-CD761D66D58D}.Debug|ARM.Build.0 = Debug|Any CPU
		{7911FEEB-D902-49D1-8A55-CD761D66D58D}.Debug|x64.ActiveCfg = Debug|Any CPU
		{7911FEEB-D902-49D1-8A55-CD761D66D58D}.Debug|x64.Build.0 = Debug|Any CPU
		{7911FEEB-D902-49D1-8A55-CD761D66D58D}.Debug|x86.ActiveCfg = Debug|Any CPU
		{7911FEEB-D902-49D1-8A55-CD761D66D58D}.Debug|x86.Build.0 = Debug|Any CPU
		{7911FEEB-D902-49D1-8A55-CD761D66D58D}.Release|Any CPU.ActiveCfg = Release|Any CPU
		{7911FEEB-D902-49D1-8A55-CD761D66D58D}.Release|Any CPU.Build.0 = Release|Any CPU
		{7911FEEB-D902-49D1-8A55-CD761D66D58D}.Release|ARM.ActiveCfg = Release|Any CPU
		{7911FEEB-D902-49D1-8A55-CD761D66D58D}.Release|ARM.Build.0 = Release|Any CPU
		{7911FEEB-D902-49D1-8A55-CD761D66D58D}.Release|x64.ActiveCfg = Release|Any CPU
		{7911FEEB-D902-49D1-8A55-CD761D66D58D}.Release|x64.Build.0 = Release|Any CPU
		{7911FEEB-D902-49D1-8A55-CD761D66D58D}.Release|x86.ActiveCfg = Release|Any CPU
		{7911FEEB-D902-49D1-8A55-CD761D66D58D}.Release|x86.Build.0 = Release|Any CPU
		{7911FEEB-D902-49D1-8A55-CD761D66D58D}.ReleasePlgx|Any CPU.ActiveCfg = Release|Any CPU
		{7911FEEB-D902-49D1-8A55-CD761D66D58D}.ReleasePlgx|ARM.ActiveCfg = Release|Any CPU
		{7911FEEB-D902-49D1-8A55-CD761D66D58D}.ReleasePlgx|ARM.Build.0 = Release|Any CPU
		{7911FEEB-D902-49D1-8A55-CD761D66D58D}.ReleasePlgx|x64.ActiveCfg = Release|Any CPU
		{7911FEEB-D902-49D1-8A55-CD761D66D58D}.ReleasePlgx|x64.Build.0 = Release|Any CPU
		{7911FEEB-D902-49D1-8A55-CD761D66D58D}.ReleasePlgx|x86.ActiveCfg = Release|Any CPU
		{7911FEEB-D902-49D1-8A55-CD761D66D58D}.ReleasePlgx|x86.Build.0 = Release|Any CPU
	EndGlobalSection
	GlobalSection(SolutionProperties) = preSolution
		HideSolutionNode = FALSE
	EndGlobalSection
	GlobalSection(ExtensibilityGlobals) = postSolution
		SolutionGuid = {3686C331-D255-48BF-A8E4-89834A01C8B8}
	EndGlobalSection
EndGlobal
